
Microsoft Visual Studio Solution File, Format Version 12.00
# Visual Studio Version 16
VisualStudioVersion = 16.0.29519.181
MinimumVisualStudioVersion = 10.0.40219.1
Project("{888888A0-9F3D-457C-B088-3A5042F75D52}") = "Rail_defect_v0-1", "Rail_defect_v0-1.pyproj", "{4912AFC2-5FDB-4A3F-A5D5-981EF668B18C}"
EndProject
Global
	GlobalSection(SolutionConfigurationPlatforms) = preSolution
		Debug|Any CPU = Debug|Any CPU
		Release|Any CPU = Release|Any CPU
	EndGlobalSection
	GlobalSection(ProjectConfigurationPlatforms) = postSolution
		{4912AFC2-5FDB-4A3F-A5D5-981EF668B18C}.Debug|Any CPU.ActiveCfg = Debug|Any CPU
		{4912AFC2-5FDB-4A3F-A5D5-981EF668B18C}.Release|Any CPU.ActiveCfg = Release|Any CPU
	EndGlobalSection
	GlobalSection(SolutionProperties) = preSolution
		HideSolutionNode = FALSE
	EndGlobalSection
	GlobalSection(ExtensibilityGlobals) = postSolution
		SolutionGuid = {8998DA7A-D2BA-471D-B0C5-6D0FC742594E}
	EndGlobalSection
EndGlobal
